
Microsoft Visual Studio Solution File, Format Version 12.00
# Visual Studio Version 17
VisualStudioVersion = 17.13.35818.85 d17.13
MinimumVisualStudioVersion = 10.0.40219.1
Project("{FAE04EC0-301F-11D3-BF4B-00C04F79EFBC}") = "StudentRegistrationApplication", "StudentRegistrationApplication\StudentRegistrationApplication.csproj", "{13AD1A06-3EDF-4393-93F6-2A836C7AD862}"
EndProject
Global
	GlobalSection(SolutionConfigurationPlatforms) = preSolution
		Debug|Any CPU = Debug|Any CPU
		Release|Any CPU = Release|Any CPU
	EndGlobalSection
	GlobalSection(ProjectConfigurationPlatforms) = postSolution
		{13AD1A06-3EDF-4393-93F6-2A836C7AD862}.Debug|Any CPU.ActiveCfg = Debug|Any CPU
		{13AD1A06-3EDF-4393-93F6-2A836C7AD862}.Debug|Any CPU.Build.0 = Debug|Any CPU
		{13AD1A06-3EDF-4393-93F6-2A836C7AD862}.Release|Any CPU.ActiveCfg = Release|Any CPU
		{13AD1A06-3EDF-4393-93F6-2A836C7AD862}.Release|Any CPU.Build.0 = Release|Any CPU
	EndGlobalSection
	GlobalSection(SolutionProperties) = preSolution
		HideSolutionNode = FALSE
	EndGlobalSection
	GlobalSection(ExtensibilityGlobals) = postSolution
		SolutionGuid = {20BAF9C5-7596-4A47-AC77-5331B27455EF}
	EndGlobalSection
EndGlobal
